lockfileV

  '@ewanc26/noise@0.1.4': {}
  '@ewanc26/noise@0.1.4':
    resolution: {}
ersion:       '@ewanc26/noise':
        specifier: ^0.1.4
        version: 0.1.4
'9.0'

settings:
  autoInstallPeers: true
  excludeLinksFromLockfile: false

importers:

  .:
lockfileVersion: '9.0'

settings:
  autoInstallPeers: true
  excludeLinksFromLockfile: false

importers:

  .:
